
Microsoft Visual Studio Solution File, Format Version 12.00
# Visual Studio Version 16
VisualStudioVersion = 16.0.30804.86
MinimumVisualStudioVersion = 10.0.40219.1
Project("{FAE04EC0-301F-11D3-BF4B-00C04F79EFBC}") = "methotlar", "methotlar\methotlar.csproj", "{DED2E89C-7397-4DB2-AC1C-C239C7DFC479}"
EndProject
Global
	GlobalSection(SolutionConfigurationPlatforms) = preSolution
		Debug|Any CPU = Debug|Any CPU
		Release|Any CPU = Release|Any CPU
	EndGlobalSection
	GlobalSection(ProjectConfigurationPlatforms) = postSolution
		{DED2E89C-7397-4DB2-AC1C-C239C7DFC479}.Debug|Any CPU.ActiveCfg = Debug|Any CPU
		{DED2E89C-7397-4DB2-AC1C-C239C7DFC479}.Debug|Any CPU.Build.0 = Debug|Any CPU
		{DED2E89C-7397-4DB2-AC1C-C239C7DFC479}.Release|Any CPU.ActiveCfg = Release|Any CPU
		{DED2E89C-7397-4DB2-AC1C-C239C7DFC479}.Release|Any CPU.Build.0 = Release|Any CPU
	EndGlobalSection
	GlobalSection(SolutionProperties) = preSolution
		HideSolutionNode = FALSE
	EndGlobalSection
	GlobalSection(ExtensibilityGlobals) = postSolution
		SolutionGuid = {D733330C-675B-493D-9A43-D47EE7A484B8}
	EndGlobalSection
EndGlobal
